{
  "pins" : [
    {
      "identity" : "sdwebimage",
      "kind" : "remoteSourceControl",
      "location" : "git@github.com:SDWebImage/SDWebImage.git",
      "state" : {
        "revision" : "fb50c1d20f24db5322b2f8f379de3618f75fe08e",
        "version" : "5.15.5"
      }
    },
    {
      "identity" : "snapkit",
      "kind" : "remoteSourceControl",
      "location" : "git@github.com:SnapKit/SnapKit.git",
      "state" : {
        "branch" : "develop",
        "revision" : "58320fe80522414bf3a7e24c88123581dc586752"
      }
    }
  ],
  "version" : 2
}
